
Microsoft Visual Studio Solution File, Format Version 12.00
# Visual Studio 2013
VisualStudioVersion = 12.0.21005.1
MinimumVisualStudioVersion = 10.0.40219.1
Project("{FAE04EC0-301F-11D3-BF4B-00C04F79EFBC}") = "PvEOnline", "PvEOnline\PvEOnline\PvEOnline.csproj", "{C8E4854A-756E-48B3-BD23-60077D73DF86}"
EndProject
Project("{FAE04EC0-301F-11D3-BF4B-00C04F79EFBC}") = "PvEOnlineContent", "PvEOnline\PvEOnlineContent\PvEOnlineContent.contentproj", "{CC9EC06E-A139-4436-ADE4-E83F0A58FA3B}"
EndProject
Project("{FAE04EC0-301F-11D3-BF4B-00C04F79EFBC}") = "DataTypes", "DataTypes\DataTypes.csproj", "{2DA73B45-C627-4A3D-889F-9C1326BE9B1F}"
EndProject
Global
	GlobalSection(SolutionConfigurationPlatforms) = preSolution
		Debug|x86 = Debug|x86
		Release|x86 = Release|x86
	EndGlobalSection
	GlobalSection(ProjectConfigurationPlatforms) = postSolution
		{C8E4854A-756E-48B3-BD23-60077D73DF86}.Debug|x86.ActiveCfg = Debug|x86
		{C8E4854A-756E-48B3-BD23-60077D73DF86}.Debug|x86.Build.0 = Debug|x86
		{C8E4854A-756E-48B3-BD23-60077D73DF86}.Release|x86.ActiveCfg = Release|x86
		{C8E4854A-756E-48B3-BD23-60077D73DF86}.Release|x86.Build.0 = Release|x86
		{CC9EC06E-A139-4436-ADE4-E83F0A58FA3B}.Debug|x86.ActiveCfg = Debug|x86
		{CC9EC06E-A139-4436-ADE4-E83F0A58FA3B}.Release|x86.ActiveCfg = Release|x86
		{2DA73B45-C627-4A3D-889F-9C1326BE9B1F}.Debug|x86.ActiveCfg = Debug|x86
		{2DA73B45-C627-4A3D-889F-9C1326BE9B1F}.Debug|x86.Build.0 = Debug|x86
		{2DA73B45-C627-4A3D-889F-9C1326BE9B1F}.Release|x86.ActiveCfg = Release|x86
		{2DA73B45-C627-4A3D-889F-9C1326BE9B1F}.Release|x86.Build.0 = Release|x86
	EndGlobalSection
	GlobalSection(SolutionProperties) = preSolution
		HideSolutionNode = FALSE
	EndGlobalSection
	GlobalSection(Performance) = preSolution
		HasPerformanceSessions = true
	EndGlobalSection
EndGlobal
