
Microsoft Visual Studio Solution File, Format Version 11.00
# Visual C# Express 2010
Project("{FAE04EC0-301F-11D3-BF4B-00C04F79EFBC}") = "PvEOnline", "PvEOnline\PvEOnline\PvEOnline.csproj", "{C8E4854A-756E-48B3-BD23-60077D73DF86}"
EndProject
Project("{96E2B04D-8817-42C6-938A-82C39BA4D311}") = "PvEOnlineContent", "PvEOnline\PvEOnlineContent\PvEOnlineContent.contentproj", "{CC9EC06E-A139-4436-ADE4-E83F0A58FA3B}"
EndProject
Project("{FAE04EC0-301F-11D3-BF4B-00C04F79EFBC}") = "Faggotrylib", "..\Faggotrylib\Faggotrylib.csproj", "{1F4C8A0B-E716-4A6E-99FC-13CA9D0078C4}"
EndProject
Global
	GlobalSection(SolutionConfigurationPlatforms) = preSolution
		Debug|x86 = Debug|x86
		Release|x86 = Release|x86
	EndGlobalSection
	GlobalSection(ProjectConfigurationPlatforms) = postSolution
		{C8E4854A-756E-48B3-BD23-60077D73DF86}.Debug|x86.ActiveCfg = Debug|x86
		{C8E4854A-756E-48B3-BD23-60077D73DF86}.Debug|x86.Build.0 = Debug|x86
		{C8E4854A-756E-48B3-BD23-60077D73DF86}.Release|x86.ActiveCfg = Release|x86
		{C8E4854A-756E-48B3-BD23-60077D73DF86}.Release|x86.Build.0 = Release|x86
		{CC9EC06E-A139-4436-ADE4-E83F0A58FA3B}.Debug|x86.ActiveCfg = Debug|x86
		{CC9EC06E-A139-4436-ADE4-E83F0A58FA3B}.Release|x86.ActiveCfg = Release|x86
		{1F4C8A0B-E716-4A6E-99FC-13CA9D0078C4}.Debug|x86.ActiveCfg = Debug|x86
		{1F4C8A0B-E716-4A6E-99FC-13CA9D0078C4}.Debug|x86.Build.0 = Debug|x86
		{1F4C8A0B-E716-4A6E-99FC-13CA9D0078C4}.Release|x86.ActiveCfg = Release|x86
		{1F4C8A0B-E716-4A6E-99FC-13CA9D0078C4}.Release|x86.Build.0 = Release|x86
	EndGlobalSection
	GlobalSection(SolutionProperties) = preSolution
		HideSolutionNode = FALSE
	EndGlobalSection
EndGlobal
